// !$*UTF8*$!
{
	archiveVersion = 1;
	classes = {
	};
	objectVersion = 50;
	objects = {

/* Begin PBXBuildFile section */
		62DEEF28F791617ECF8C22A9 /* Pods_LoginApp_GB_UI.framework in Frameworks */ = {isa = PBXBuildFile; fileRef = 521914C2911CA9EC255BB701 /* Pods_LoginApp_GB_UI.framework */; };
		790F59DF2583E76D0056A63E /* SearchGroupsController.swift in Sources */ = {isa = PBXBuildFile; fileRef = 790F59DE2583E76D0056A63E /* SearchGroupsController.swift */; };
		7914A17525D6EA37009DEDE4 /* NetwokManager.swift in Sources */ = {isa = PBXBuildFile; fileRef = 7914A17425D6EA37009DEDE4 /* NetwokManager.swift */; };
		7914A17D25D95C23009DEDE4 /* PhotoModel.swift in Sources */ = {isa = PBXBuildFile; fileRef = 7914A17C25D95C23009DEDE4 /* PhotoModel.swift */; };
		7922314C2583C4F400AA7F60 /* FriendsListController.swift in Sources */ = {isa = PBXBuildFile; fileRef = 7922314B2583C4F400AA7F60 /* FriendsListController.swift */; };
		7922314E2583C56D00AA7F60 /* FriendCell.swift in Sources */ = {isa = PBXBuildFile; fileRef = 7922314D2583C56D00AA7F60 /* FriendCell.swift */; };
		792231502583D40E00AA7F60 /* PhotoCollectionController.swift in Sources */ = {isa = PBXBuildFile; fileRef = 7922314F2583D40E00AA7F60 /* PhotoCollectionController.swift */; };
		792231542583D48000AA7F60 /* PhotoCollectionCell.swift in Sources */ = {isa = PBXBuildFile; fileRef = 792231532583D48000AA7F60 /* PhotoCollectionCell.swift */; };
		79259C8C2583DD5D0095DB95 /* UserModel.swift in Sources */ = {isa = PBXBuildFile; fileRef = 79259C8B2583DD5D0095DB95 /* UserModel.swift */; };
		79259C8E2583DD700095DB95 /* GroupModel.swift in Sources */ = {isa = PBXBuildFile; fileRef = 79259C8D2583DD700095DB95 /* GroupModel.swift */; };
		79259C902583DDC50095DB95 /* UserGroupsController.swift in Sources */ = {isa = PBXBuildFile; fileRef = 79259C8F2583DDC50095DB95 /* UserGroupsController.swift */; };
		79259C922583DDFC0095DB95 /* UserGroupCell.swift in Sources */ = {isa = PBXBuildFile; fileRef = 79259C912583DDFC0095DB95 /* UserGroupCell.swift */; };
		792CAA91259CDA1900109138 /* LoadingIndicatorView.swift in Sources */ = {isa = PBXBuildFile; fileRef = 792CAA90259CDA1900109138 /* LoadingIndicatorView.swift */; };
		794564EF25939F3900536AA8 /* Gradient View.swift in Sources */ = {isa = PBXBuildFile; fileRef = 794564EE25939F3900536AA8 /* Gradient View.swift */; };
		794564F42593C1F900536AA8 /* NewsController.swift in Sources */ = {isa = PBXBuildFile; fileRef = 794564F32593C1F900536AA8 /* NewsController.swift */; };
		794564F72593C99B00536AA8 /* NewsCell.swift in Sources */ = {isa = PBXBuildFile; fileRef = 794564F52593C99B00536AA8 /* NewsCell.swift */; };
		794564FE2593D10900536AA8 /* NewsModel.swift in Sources */ = {isa = PBXBuildFile; fileRef = 794564FD2593D10900536AA8 /* NewsModel.swift */; };
		79456500259618C600536AA8 /* NewsCell.xib in Resources */ = {isa = PBXBuildFile; fileRef = 794564FF259618C600536AA8 /* NewsCell.xib */; };
		795111CC25C85FC600CD2933 /* GetGroupsByRequestVK.swift in Sources */ = {isa = PBXBuildFile; fileRef = 795111CB25C85FC600CD2933 /* GetGroupsByRequestVK.swift */; };
		7960B4782578150100BC9D79 /* AppDelegate.swift in Sources */ = {isa = PBXBuildFile; fileRef = 7960B4772578150100BC9D79 /* AppDelegate.swift */; };
		7960B47A2578150100BC9D79 /* SceneDelegate.swift in Sources */ = {isa = PBXBuildFile; fileRef = 7960B4792578150100BC9D79 /* SceneDelegate.swift */; };
		7960B47C2578150100BC9D79 /* LoginViewController.swift in Sources */ = {isa = PBXBuildFile; fileRef = 7960B47B2578150100BC9D79 /* LoginViewController.swift */; };
		7960B47F2578150100BC9D79 /* Main.storyboard in Resources */ = {isa = PBXBuildFile; fileRef = 7960B47D2578150100BC9D79 /* Main.storyboard */; };
		7960B4812578150200BC9D79 /* Assets.xcassets in Resources */ = {isa = PBXBuildFile; fileRef = 7960B4802578150200BC9D79 /* Assets.xcassets */; };
		7960B4842578150200BC9D79 /* LaunchScreen.storyboard in Resources */ = {isa = PBXBuildFile; fileRef = 7960B4822578150200BC9D79 /* LaunchScreen.storyboard */; };
		7976A0E925C5548B00B5E749 /* Session.swift in Sources */ = {isa = PBXBuildFile; fileRef = 7976A0E825C5548B00B5E749 /* Session.swift */; };
		7983DA1125C7139600F17AD5 /* VKLoginViewController.swift in Sources */ = {isa = PBXBuildFile; fileRef = 7983DA1025C7139600F17AD5 /* VKLoginViewController.swift */; };
		7983DA1625C713CF00F17AD5 /* ActionsOnVKController.swift in Sources */ = {isa = PBXBuildFile; fileRef = 7983DA1525C713CF00F17AD5 /* ActionsOnVKController.swift */; };
		7983DA1A25C71DA000F17AD5 /* GetFriendsVK.swift in Sources */ = {isa = PBXBuildFile; fileRef = 7983DA1925C71DA000F17AD5 /* GetFriendsVK.swift */; };
		7983DA1D25C7211A00F17AD5 /* Constants.swift in Sources */ = {isa = PBXBuildFile; fileRef = 7983DA1C25C7211A00F17AD5 /* Constants.swift */; };
		7983DA2025C72A5800F17AD5 /* GetPhotosVK.swift in Sources */ = {isa = PBXBuildFile; fileRef = 7983DA1F25C72A5800F17AD5 /* GetPhotosVK.swift */; };
		7983DA2325C72BD300F17AD5 /* GetGroupsVK.swift in Sources */ = {isa = PBXBuildFile; fileRef = 7983DA2225C72BD300F17AD5 /* GetGroupsVK.swift */; };
		798C781025A89983006EE4D1 /* CustomInteractiveTransition.swift in Sources */ = {isa = PBXBuildFile; fileRef = 798C780F25A89983006EE4D1 /* CustomInteractiveTransition.swift */; };
		79DD0BBD258950AA008E977C /* ShadowView.swift in Sources */ = {isa = PBXBuildFile; fileRef = 79DD0BBC258950AA008E977C /* ShadowView.swift */; };
		79E24C7B25A7A09C00655D73 /* CustomNavigationController.swift in Sources */ = {isa = PBXBuildFile; fileRef = 79E24C7A25A7A09C00655D73 /* CustomNavigationController.swift */; };
		79E7389A25A11C9D00A8D734 /* PhotoSwipeController.swift in Sources */ = {isa = PBXBuildFile; fileRef = 79E7389925A11C9D00A8D734 /* PhotoSwipeController.swift */; };
/* End PBXBuildFile section */

/* Begin PBXFileReference section */
		366E43F07399D70DFDF4CC12 /* Pods-LoginApp_GB_UI.debug.xcconfig */ = {isa = PBXFileReference; includeInIndex = 1; lastKnownFileType = text.xcconfig; name = "Pods-LoginApp_GB_UI.debug.xcconfig"; path = "Target Support Files/Pods-LoginApp_GB_UI/Pods-LoginApp_GB_UI.debug.xcconfig"; sourceTree = "<group>"; };
		521914C2911CA9EC255BB701 /* Pods_LoginApp_GB_UI.framework */ = {isa = PBXFileReference; explicitFileType = wrapper.framework; includeInIndex = 0; path = Pods_LoginApp_GB_UI.framework; sourceTree = BUILT_PRODUCTS_DIR; };
		7710FCFF80B45E0409686422 /* Pods-LoginApp_GB_UI.release.xcconfig */ = {isa = PBXFileReference; includeInIndex = 1; lastKnownFileType = text.xcconfig; name = "Pods-LoginApp_GB_UI.release.xcconfig"; path = "Target Support Files/Pods-LoginApp_GB_UI/Pods-LoginApp_GB_UI.release.xcconfig"; sourceTree = "<group>"; };
		790F59DE2583E76D0056A63E /* SearchGroupsController.swift */ = {isa = PBXFileReference; lastKnownFileType = sourcecode.swift; path = SearchGroupsController.swift; sourceTree = "<group>"; };
		7914A17425D6EA37009DEDE4 /* NetwokManager.swift */ = {isa = PBXFileReference; lastKnownFileType = sourcecode.swift; path = NetwokManager.swift; sourceTree = "<group>"; };
		7914A17C25D95C23009DEDE4 /* PhotoModel.swift */ = {isa = PBXFileReference; lastKnownFileType = sourcecode.swift; path = PhotoModel.swift; sourceTree = "<group>"; };
		7922314B2583C4F400AA7F60 /* FriendsListController.swift */ = {isa = PBXFileReference; lastKnownFileType = sourcecode.swift; path = FriendsListController.swift; sourceTree = "<group>"; };
		7922314D2583C56D00AA7F60 /* FriendCell.swift */ = {isa = PBXFileReference; lastKnownFileType = sourcecode.swift; path = FriendCell.swift; sourceTree = "<group>"; };
		7922314F2583D40E00AA7F60 /* PhotoCollectionController.swift */ = {isa = PBXFileReference; lastKnownFileType = sourcecode.swift; path = PhotoCollectionController.swift; sourceTree = "<group>"; };
		792231532583D48000AA7F60 /* PhotoCollectionCell.swift */ = {isa = PBXFileReference; lastKnownFileType = sourcecode.swift; path = PhotoCollectionCell.swift; sourceTree = "<group>"; };
		79259C8B2583DD5D0095DB95 /* UserModel.swift */ = {isa = PBXFileReference; lastKnownFileType = sourcecode.swift; path = UserModel.swift; sourceTree = "<group>"; };
		79259C8D2583DD700095DB95 /* GroupModel.swift */ = {isa = PBXFileReference; lastKnownFileType = sourcecode.swift; path = GroupModel.swift; sourceTree = "<group>"; };
		79259C8F2583DDC50095DB95 /* UserGroupsController.swift */ = {isa = PBXFileReference; lastKnownFileType = sourcecode.swift; path = UserGroupsController.swift; sourceTree = "<group>"; };
		79259C912583DDFC0095DB95 /* UserGroupCell.swift */ = {isa = PBXFileReference; lastKnownFileType = sourcecode.swift; path = UserGroupCell.swift; sourceTree = "<group>"; };
		792CAA90259CDA1900109138 /* LoadingIndicatorView.swift */ = {isa = PBXFileReference; lastKnownFileType = sourcecode.swift; path = LoadingIndicatorView.swift; sourceTree = "<group>"; };
		794564EE25939F3900536AA8 /* Gradient View.swift */ = {isa = PBXFileReference; lastKnownFileType = sourcecode.swift; path = "Gradient View.swift"; sourceTree = "<group>"; };
		794564F32593C1F900536AA8 /* NewsController.swift */ = {isa = PBXFileReference; lastKnownFileType = sourcecode.swift; path = NewsController.swift; sourceTree = "<group>"; };
		794564F52593C99B00536AA8 /* NewsCell.swift */ = {isa = PBXFileReference; lastKnownFileType = sourcecode.swift; path = NewsCell.swift; sourceTree = "<group>"; };
		794564FD2593D10900536AA8 /* NewsModel.swift */ = {isa = PBXFileReference; lastKnownFileType = sourcecode.swift; path = NewsModel.swift; sourceTree = "<group>"; };
		794564FF259618C600536AA8 /* NewsCell.xib */ = {isa = PBXFileReference; lastKnownFileType = file.xib; path = NewsCell.xib; sourceTree = "<group>"; };
		795111CB25C85FC600CD2933 /* GetGroupsByRequestVK.swift */ = {isa = PBXFileReference; lastKnownFileType = sourcecode.swift; path = GetGroupsByRequestVK.swift; sourceTree = "<group>"; };
		7960B4742578150100BC9D79 /* LoginApp_GB_UI.app */ = {isa = PBXFileReference; explicitFileType = wrapper.application; includeInIndex = 0; path = LoginApp_GB_UI.app; sourceTree = BUILT_PRODUCTS_DIR; };
		7960B4772578150100BC9D79 /* AppDelegate.swift */ = {isa = PBXFileReference; lastKnownFileType = sourcecode.swift; path = AppDelegate.swift; sourceTree = "<group>"; };
		7960B4792578150100BC9D79 /* SceneDelegate.swift */ = {isa = PBXFileReference; lastKnownFileType = sourcecode.swift; path = SceneDelegate.swift; sourceTree = "<group>"; };
		7960B47B2578150100BC9D79 /* LoginViewController.swift */ = {isa = PBXFileReference; lastKnownFileType = sourcecode.swift; path = LoginViewController.swift; sourceTree = "<group>"; };
		7960B47E2578150100BC9D79 /* Base */ = {isa = PBXFileReference; lastKnownFileType = file.storyboard; name = Base; path = Base.lproj/Main.storyboard; sourceTree = "<group>"; };
		7960B4802578150200BC9D79 /* Assets.xcassets */ = {isa = PBXFileReference; lastKnownFileType = folder.assetcatalog; path = Assets.xcassets; sourceTree = "<group>"; };
		7960B4832578150200BC9D79 /* Base */ = {isa = PBXFileReference; lastKnownFileType = file.storyboard; name = Base; path = Base.lproj/LaunchScreen.storyboard; sourceTree = "<group>"; };
		7960B4852578150200BC9D79 /* Info.plist */ = {isa = PBXFileReference; lastKnownFileType = text.plist.xml; path = Info.plist; sourceTree = "<group>"; };
		7976A0E825C5548B00B5E749 /* Session.swift */ = {isa = PBXFileReference; lastKnownFileType = sourcecode.swift; path = Session.swift; sourceTree = "<group>"; };
		7983DA1025C7139600F17AD5 /* VKLoginViewController.swift */ = {isa = PBXFileReference; lastKnownFileType = sourcecode.swift; path = VKLoginViewController.swift; sourceTree = "<group>"; };
		7983DA1525C713CF00F17AD5 /* ActionsOnVKController.swift */ = {isa = PBXFileReference; lastKnownFileType = sourcecode.swift; path = ActionsOnVKController.swift; sourceTree = "<group>"; };
		7983DA1925C71DA000F17AD5 /* GetFriendsVK.swift */ = {isa = PBXFileReference; lastKnownFileType = sourcecode.swift; path = GetFriendsVK.swift; sourceTree = "<group>"; };
		7983DA1C25C7211A00F17AD5 /* Constants.swift */ = {isa = PBXFileReference; lastKnownFileType = sourcecode.swift; path = Constants.swift; sourceTree = "<group>"; };
		7983DA1F25C72A5800F17AD5 /* GetPhotosVK.swift */ = {isa = PBXFileReference; lastKnownFileType = sourcecode.swift; path = GetPhotosVK.swift; sourceTree = "<group>"; };
		7983DA2225C72BD300F17AD5 /* GetGroupsVK.swift */ = {isa = PBXFileReference; lastKnownFileType = sourcecode.swift; path = GetGroupsVK.swift; sourceTree = "<group>"; };
		798C780F25A89983006EE4D1 /* CustomInteractiveTransition.swift */ = {isa = PBXFileReference; lastKnownFileType = sourcecode.swift; path = CustomInteractiveTransition.swift; sourceTree = "<group>"; };
		79DD0BBC258950AA008E977C /* ShadowView.swift */ = {isa = PBXFileReference; lastKnownFileType = sourcecode.swift; path = ShadowView.swift; sourceTree = "<group>"; };
		79E24C7A25A7A09C00655D73 /* CustomNavigationController.swift */ = {isa = PBXFileReference; lastKnownFileType = sourcecode.swift; path = CustomNavigationController.swift; sourceTree = "<group>"; };
		79E7389925A11C9D00A8D734 /* PhotoSwipeController.swift */ = {isa = PBXFileReference; lastKnownFileType = sourcecode.swift; path = PhotoSwipeController.swift; sourceTree = "<group>"; };
/* End PBXFileReference section */

/* Begin PBXFrameworksBuildPhase section */
		7960B4712578150100BC9D79 /* Frameworks */ = {
			isa = PBXFrameworksBuildPhase;
			buildActionMask = 2147483647;
			files = (
				62DEEF28F791617ECF8C22A9 /* Pods_LoginApp_GB_UI.framework in Frameworks */,
			);
			runOnlyForDeploymentPostprocessing = 0;
		};
/* End PBXFrameworksBuildPhase section */

/* Begin PBXGroup section */
		7922314A2583C45F00AA7F60 /* MyFriends */ = {
			isa = PBXGroup;
			children = (
				7922314B2583C4F400AA7F60 /* FriendsListController.swift */,
				7922314F2583D40E00AA7F60 /* PhotoCollectionController.swift */,
				79E7389925A11C9D00A8D734 /* PhotoSwipeController.swift */,
			);
			path = MyFriends;
			sourceTree = "<group>";
		};
		79259C892583DCF10095DB95 /* Models */ = {
			isa = PBXGroup;
			children = (
				79259C8B2583DD5D0095DB95 /* UserModel.swift */,
				7914A17C25D95C23009DEDE4 /* PhotoModel.swift */,
				79259C8D2583DD700095DB95 /* GroupModel.swift */,
				794564FD2593D10900536AA8 /* NewsModel.swift */,
				7976A0E825C5548B00B5E749 /* Session.swift */,
				7983DA1C25C7211A00F17AD5 /* Constants.swift */,
			);
			path = Models;
			sourceTree = "<group>";
		};
		79259C8A2583DD040095DB95 /* UserGroups */ = {
			isa = PBXGroup;
			children = (
				79259C8F2583DDC50095DB95 /* UserGroupsController.swift */,
				790F59DE2583E76D0056A63E /* SearchGroupsController.swift */,
			);
			path = UserGroups;
			sourceTree = "<group>";
		};
		794564ED25939F1E00536AA8 /* Custom UI elements */ = {
			isa = PBXGroup;
			children = (
				79E24C7A25A7A09C00655D73 /* CustomNavigationController.swift */,
				798C780F25A89983006EE4D1 /* CustomInteractiveTransition.swift */,
			);
			path = "Custom UI elements";
			sourceTree = "<group>";
		};
		7960B46B2578150100BC9D79 = {
			isa = PBXGroup;
			children = (
				7960B4762578150100BC9D79 /* LoginApp_GB_UI */,
				7960B4752578150100BC9D79 /* Products */,
				EA9778ED7458DE1054E75890 /* Pods */,
				BCE5386B8F4E7CE728E339BB /* Frameworks */,
			);
			sourceTree = "<group>";
		};
		7960B4752578150100BC9D79 /* Products */ = {
			isa = PBXGroup;
			children = (
				7960B4742578150100BC9D79 /* LoginApp_GB_UI.app */,
			);
			name = Products;
			sourceTree = "<group>";
		};
		7960B4762578150100BC9D79 /* LoginApp_GB_UI */ = {
			isa = PBXGroup;
			children = (
				7983DA0F25C7130000F17AD5 /* Services */,
				79FD1C1325B4602400B879D9 /* Views */,
				79FD1C1225B4601900B879D9 /* Controllers */,
				79259C892583DCF10095DB95 /* Models */,
				794564ED25939F1E00536AA8 /* Custom UI elements */,
				7960B4772578150100BC9D79 /* AppDelegate.swift */,
				7960B4792578150100BC9D79 /* SceneDelegate.swift */,
				7983DA1025C7139600F17AD5 /* VKLoginViewController.swift */,
				7983DA1525C713CF00F17AD5 /* ActionsOnVKController.swift */,
				7960B47D2578150100BC9D79 /* Main.storyboard */,
				7960B4802578150200BC9D79 /* Assets.xcassets */,
				7960B4822578150200BC9D79 /* LaunchScreen.storyboard */,
				7960B4852578150200BC9D79 /* Info.plist */,
			);
			path = LoginApp_GB_UI;
			sourceTree = "<group>";
		};
		7983DA0F25C7130000F17AD5 /* Services */ = {
			isa = PBXGroup;
			children = (
				7983DA1925C71DA000F17AD5 /* GetFriendsVK.swift */,
				7983DA1F25C72A5800F17AD5 /* GetPhotosVK.swift */,
				7983DA2225C72BD300F17AD5 /* GetGroupsVK.swift */,
				795111CB25C85FC600CD2933 /* GetGroupsByRequestVK.swift */,
				7914A17425D6EA37009DEDE4 /* NetwokManager.swift */,
			);
			path = Services;
			sourceTree = "<group>";
		};
		79FD1C1225B4601900B879D9 /* Controllers */ = {
			isa = PBXGroup;
			children = (
				7960B47B2578150100BC9D79 /* LoginViewController.swift */,
				794564F32593C1F900536AA8 /* NewsController.swift */,
				7922314A2583C45F00AA7F60 /* MyFriends */,
				79259C8A2583DD040095DB95 /* UserGroups */,
				79FD1C1425B461BB00B879D9 /* Cells */,
			);
			path = Controllers;
			sourceTree = "<group>";
		};
		79FD1C1325B4602400B879D9 /* Views */ = {
			isa = PBXGroup;
			children = (
				79DD0BBC258950AA008E977C /* ShadowView.swift */,
				794564EE25939F3900536AA8 /* Gradient View.swift */,
				792CAA90259CDA1900109138 /* LoadingIndicatorView.swift */,
			);
			path = Views;
			sourceTree = "<group>";
		};
		79FD1C1425B461BB00B879D9 /* Cells */ = {
			isa = PBXGroup;
			children = (
				7922314D2583C56D00AA7F60 /* FriendCell.swift */,
				792231532583D48000AA7F60 /* PhotoCollectionCell.swift */,
				79259C912583DDFC0095DB95 /* UserGroupCell.swift */,
				794564F52593C99B00536AA8 /* NewsCell.swift */,
				794564FF259618C600536AA8 /* NewsCell.xib */,
			);
			path = Cells;
			sourceTree = "<group>";
		};
		BCE5386B8F4E7CE728E339BB /* Frameworks */ = {
			isa = PBXGroup;
			children = (
				521914C2911CA9EC255BB701 /* Pods_LoginApp_GB_UI.framework */,
			);
			name = Frameworks;
			sourceTree = "<group>";
		};
		EA9778ED7458DE1054E75890 /* Pods */ = {
			isa = PBXGroup;
			children = (
				366E43F07399D70DFDF4CC12 /* Pods-LoginApp_GB_UI.debug.xcconfig */,
				7710FCFF80B45E0409686422 /* Pods-LoginApp_GB_UI.release.xcconfig */,
			);
			name = Pods;
			path = Pods;
			sourceTree = "<group>";
		};
/* End PBXGroup section */

/* Begin PBXNativeTarget section */
		7960B4732578150100BC9D79 /* LoginApp_GB_UI */ = {
			isa = PBXNativeTarget;
			buildConfigurationList = 7960B4882578150200BC9D79 /* Build configuration list for PBXNativeTarget "LoginApp_GB_UI" */;
			buildPhases = (
				29113667EE9B56FE6C825A21 /* [CP] Check Pods Manifest.lock */,
				7960B4702578150100BC9D79 /* Sources */,
				7960B4712578150100BC9D79 /* Frameworks */,
				7960B4722578150100BC9D79 /* Resources */,
				DEB7FF6D5AAC3A620EB83CF3 /* [CP] Embed Pods Frameworks */,
			);
			buildRules = (
			);
			dependencies = (
			);
			name = LoginApp_GB_UI;
			productName = LoginApp_GB_UI;
			productReference = 7960B4742578150100BC9D79 /* LoginApp_GB_UI.app */;
			productType = "com.apple.product-type.application";
		};
/* End PBXNativeTarget section */

/* Begin PBXProject section */
		7960B46C2578150100BC9D79 /* Project object */ = {
			isa = PBXProject;
			attributes = {
				LastSwiftUpdateCheck = 1170;
				LastUpgradeCheck = 1230;
				ORGANIZATIONNAME = "Yuriy Fedyunkin";
				TargetAttributes = {
					7960B4732578150100BC9D79 = {
						CreatedOnToolsVersion = 11.7;
					};
				};
			};
			buildConfigurationList = 7960B46F2578150100BC9D79 /* Build configuration list for PBXProject "LoginApp_GB_UI" */;
			compatibilityVersion = "Xcode 9.3";
			developmentRegion = en;
			hasScannedForEncodings = 0;
			knownRegions = (
				en,
				Base,
			);
			mainGroup = 7960B46B2578150100BC9D79;
			productRefGroup = 7960B4752578150100BC9D79 /* Products */;
			projectDirPath = "";
			projectRoot = "";
			targets = (
				7960B4732578150100BC9D79 /* LoginApp_GB_UI */,
			);
		};
/* End PBXProject section */

/* Begin PBXResourcesBuildPhase section */
		7960B4722578150100BC9D79 /* Resources */ = {
			isa = PBXResourcesBuildPhase;
			buildActionMask = 2147483647;
			files = (
				7960B4842578150200BC9D79 /* LaunchScreen.storyboard in Resources */,
				7960B4812578150200BC9D79 /* Assets.xcassets in Resources */,
				79456500259618C600536AA8 /* NewsCell.xib in Resources */,
				7960B47F2578150100BC9D79 /* Main.storyboard in Resources */,
			);
			runOnlyForDeploymentPostprocessing = 0;
		};
/* End PBXResourcesBuildPhase section */

/* Begin PBXShellScriptBuildPhase section */
		29113667EE9B56FE6C825A21 /* [CP] Check Pods Manifest.lock */ = {
			isa = PBXShellScriptBuildPhase;
			buildActionMask = 2147483647;
			files = (
			);
			inputFileListPaths = (
			);
			inputPaths = (
				"${PODS_PODFILE_DIR_PATH}/Podfile.lock",
				"${PODS_ROOT}/Manifest.lock",
			);
			name = "[CP] Check Pods Manifest.lock";
			outputFileListPaths = (
			);
			outputPaths = (
				"$(DERIVED_FILE_DIR)/Pods-LoginApp_GB_UI-checkManifestLockResult.txt",
			);
			runOnlyForDeploymentPostprocessing = 0;
			shellPath = /bin/sh;
			shellScript = "diff \"${PODS_PODFILE_DIR_PATH}/Podfile.lock\" \"${PODS_ROOT}/Manifest.lock\" > /dev/null\nif [ $? != 0 ] ; then\n    # print error to STDERR\n    echo \"error: The sandbox is not in sync with the Podfile.lock. Run 'pod install' or update your CocoaPods installation.\" >&2\n    exit 1\nfi\n# This output is used by Xcode 'outputs' to avoid re-running this script phase.\necho \"SUCCESS\" > \"${SCRIPT_OUTPUT_FILE_0}\"\n";
			showEnvVarsInLog = 0;
		};
		DEB7FF6D5AAC3A620EB83CF3 /* [CP] Embed Pods Frameworks */ = {
			isa = PBXShellScriptBuildPhase;
			buildActionMask = 2147483647;
			files = (
			);
			inputFileListPaths = (
				"${PODS_ROOT}/Target Support Files/Pods-LoginApp_GB_UI/Pods-LoginApp_GB_UI-frameworks-${CONFIGURATION}-input-files.xcfilelist",
			);
			name = "[CP] Embed Pods Frameworks";
			outputFileListPaths = (
				"${PODS_ROOT}/Target Support Files/Pods-LoginApp_GB_UI/Pods-LoginApp_GB_UI-frameworks-${CONFIGURATION}-output-files.xcfilelist",
			);
			runOnlyForDeploymentPostprocessing = 0;
			shellPath = /bin/sh;
			shellScript = "\"${PODS_ROOT}/Target Support Files/Pods-LoginApp_GB_UI/Pods-LoginApp_GB_UI-frameworks.sh\"\n";
			showEnvVarsInLog = 0;
		};
/* End PBXShellScriptBuildPhase section */

/* Begin PBXSourcesBuildPhase section */
		7960B4702578150100BC9D79 /* Sources */ = {
			isa = PBXSourcesBuildPhase;
			buildActionMask = 2147483647;
			files = (
				7960B47C2578150100BC9D79 /* LoginViewController.swift in Sources */,
				7922314C2583C4F400AA7F60 /* FriendsListController.swift in Sources */,
				795111CC25C85FC600CD2933 /* GetGroupsByRequestVK.swift in Sources */,
				7983DA1125C7139600F17AD5 /* VKLoginViewController.swift in Sources */,
				798C781025A89983006EE4D1 /* CustomInteractiveTransition.swift in Sources */,
				79259C8E2583DD700095DB95 /* GroupModel.swift in Sources */,
				7983DA2325C72BD300F17AD5 /* GetGroupsVK.swift in Sources */,
				79E7389A25A11C9D00A8D734 /* PhotoSwipeController.swift in Sources */,
				7983DA2025C72A5800F17AD5 /* GetPhotosVK.swift in Sources */,
				792CAA91259CDA1900109138 /* LoadingIndicatorView.swift in Sources */,
				7983DA1D25C7211A00F17AD5 /* Constants.swift in Sources */,
				794564F42593C1F900536AA8 /* NewsController.swift in Sources */,
				79259C8C2583DD5D0095DB95 /* UserModel.swift in Sources */,
				79259C902583DDC50095DB95 /* UserGroupsController.swift in Sources */,
				794564F72593C99B00536AA8 /* NewsCell.swift in Sources */,
				790F59DF2583E76D0056A63E /* SearchGroupsController.swift in Sources */,
				7960B4782578150100BC9D79 /* AppDelegate.swift in Sources */,
				7960B47A2578150100BC9D79 /* SceneDelegate.swift in Sources */,
				79259C922583DDFC0095DB95 /* UserGroupCell.swift in Sources */,
				794564FE2593D10900536AA8 /* NewsModel.swift in Sources */,
				792231502583D40E00AA7F60 /* PhotoCollectionController.swift in Sources */,
				7983DA1625C713CF00F17AD5 /* ActionsOnVKController.swift in Sources */,
				79DD0BBD258950AA008E977C /* ShadowView.swift in Sources */,
				7983DA1A25C71DA000F17AD5 /* GetFriendsVK.swift in Sources */,
				7914A17D25D95C23009DEDE4 /* PhotoModel.swift in Sources */,
				79E24C7B25A7A09C00655D73 /* CustomNavigationController.swift in Sources */,
				7914A17525D6EA37009DEDE4 /* NetwokManager.swift in Sources */,
				7976A0E925C5548B00B5E749 /* Session.swift in Sources */,
				794564EF25939F3900536AA8 /* Gradient View.swift in Sources */,
				7922314E2583C56D00AA7F60 /* FriendCell.swift in Sources */,
				792231542583D48000AA7F60 /* PhotoCollectionCell.swift in Sources */,
			);
			runOnlyForDeploymentPostprocessing = 0;
		};
/* End PBXSourcesBuildPhase section */

/* Begin PBXVariantGroup section */
		7960B47D2578150100BC9D79 /* Main.storyboard */ = {
			isa = PBXVariantGroup;
			children = (
				7960B47E2578150100BC9D79 /* Base */,
			);
			name = Main.storyboard;
			sourceTree = "<group>";
		};
		7960B4822578150200BC9D79 /* LaunchScreen.storyboard */ = {
			isa = PBXVariantGroup;
			children = (
				7960B4832578150200BC9D79 /* Base */,
			);
			name = LaunchScreen.storyboard;
			sourceTree = "<group>";
		};
/* End PBXVariantGroup section */

/* Begin XCBuildConfiguration section */
		7960B4862578150200BC9D79 /* Debug */ = {
			isa = XCBuildConfiguration;
			buildSettings = {
				ALWAYS_SEARCH_USER_PATHS = NO;
				CLANG_ANALYZER_NONNULL = YES;
				CLANG_ANALYZER_NUMBER_OBJECT_CONVERSION = YES_AGGRESSIVE;
				CLANG_CXX_LANGUAGE_STANDARD = "gnu++14";
				CLANG_CXX_LIBRARY = "libc++";
				CLANG_ENABLE_MODULES = YES;
				CLANG_ENABLE_OBJC_ARC = YES;
				CLANG_ENABLE_OBJC_WEAK = YES;
				CLANG_WARN_BLOCK_CAPTURE_AUTORELEASING = YES;
				CLANG_WARN_BOOL_CONVERSION = YES;
				CLANG_WARN_COMMA = YES;
				CLANG_WARN_CONSTANT_CONVERSION = YES;
				CLANG_WARN_DEPRECATED_OBJC_IMPLEMENTATIONS = YES;
				CLANG_WARN_DIRECT_OBJC_ISA_USAGE = YES_ERROR;
				CLANG_WARN_DOCUMENTATION_COMMENTS = YES;
				CLANG_WARN_EMPTY_BODY = YES;
				CLANG_WARN_ENUM_CONVERSION = YES;
				CLANG_WARN_INFINITE_RECURSION = YES;
				CLANG_WARN_INT_CONVERSION = YES;
				CLANG_WARN_NON_LITERAL_NULL_CONVERSION = YES;
				CLANG_WARN_OBJC_IMPLICIT_RETAIN_SELF = YES;
				CLANG_WARN_OBJC_LITERAL_CONVERSION = YES;
				CLANG_WARN_OBJC_ROOT_CLASS = YES_ERROR;
				CLANG_WARN_QUOTED_INCLUDE_IN_FRAMEWORK_HEADER = YES;
				CLANG_WARN_RANGE_LOOP_ANALYSIS = YES;
				CLANG_WARN_STRICT_PROTOTYPES = YES;
				CLANG_WARN_SUSPICIOUS_MOVE = YES;
				CLANG_WARN_UNGUARDED_AVAILABILITY = YES_AGGRESSIVE;
				CLANG_WARN_UNREACHABLE_CODE = YES;
				CLANG_WARN__DUPLICATE_METHOD_MATCH = YES;
				COPY_PHASE_STRIP = NO;
				DEBUG_INFORMATION_FORMAT = dwarf;
				ENABLE_STRICT_OBJC_MSGSEND = YES;
				ENABLE_TESTABILITY = YES;
				GCC_C_LANGUAGE_STANDARD = gnu11;
				GCC_DYNAMIC_NO_PIC = NO;
				GCC_NO_COMMON_BLOCKS = YES;
				GCC_OPTIMIZATION_LEVEL = 0;
				GCC_PREPROCESSOR_DEFINITIONS = (
					"DEBUG=1",
					"$(inherited)",
				);
				GCC_WARN_64_TO_32_BIT_CONVERSION = YES;
				GCC_WARN_ABOUT_RETURN_TYPE = YES_ERROR;
				GCC_WARN_UNDECLARED_SELECTOR = YES;
				GCC_WARN_UNINITIALIZED_AUTOS = YES_AGGRESSIVE;
				GCC_WARN_UNUSED_FUNCTION = YES;
				GCC_WARN_UNUSED_VARIABLE = YES;
				IPHONEOS_DEPLOYMENT_TARGET = 13.7;
				MTL_ENABLE_DEBUG_INFO = INCLUDE_SOURCE;
				MTL_FAST_MATH = YES;
				ONLY_ACTIVE_ARCH = YES;
				SDKROOT = iphoneos;
				SWIFT_ACTIVE_COMPILATION_CONDITIONS = DEBUG;
				SWIFT_OPTIMIZATION_LEVEL = "-Onone";
			};
			name = Debug;
		};
		7960B4872578150200BC9D79 /* Release */ = {
			isa = XCBuildConfiguration;
			buildSettings = {
				ALWAYS_SEARCH_USER_PATHS = NO;
				CLANG_ANALYZER_NONNULL = YES;
				CLANG_ANALYZER_NUMBER_OBJECT_CONVERSION = YES_AGGRESSIVE;
				CLANG_CXX_LANGUAGE_STANDARD = "gnu++14";
				CLANG_CXX_LIBRARY = "libc++";
				CLANG_ENABLE_MODULES = YES;
				CLANG_ENABLE_OBJC_ARC = YES;
				CLANG_ENABLE_OBJC_WEAK = YES;
				CLANG_WARN_BLOCK_CAPTURE_AUTORELEASING = YES;
				CLANG_WARN_BOOL_CONVERSION = YES;
				CLANG_WARN_COMMA = YES;
				CLANG_WARN_CONSTANT_CONVERSION = YES;
				CLANG_WARN_DEPRECATED_OBJC_IMPLEMENTATIONS = YES;
				CLANG_WARN_DIRECT_OBJC_ISA_USAGE = YES_ERROR;
				CLANG_WARN_DOCUMENTATION_COMMENTS = YES;
				CLANG_WARN_EMPTY_BODY = YES;
				CLANG_WARN_ENUM_CONVERSION = YES;
				CLANG_WARN_INFINITE_RECURSION = YES;
				CLANG_WARN_INT_CONVERSION = YES;
				CLANG_WARN_NON_LITERAL_NULL_CONVERSION = YES;
				CLANG_WARN_OBJC_IMPLICIT_RETAIN_SELF = YES;
				CLANG_WARN_OBJC_LITERAL_CONVERSION = YES;
				CLANG_WARN_OBJC_ROOT_CLASS = YES_ERROR;
				CLANG_WARN_QUOTED_INCLUDE_IN_FRAMEWORK_HEADER = YES;
				CLANG_WARN_RANGE_LOOP_ANALYSIS = YES;
				CLANG_WARN_STRICT_PROTOTYPES = YES;
				CLANG_WARN_SUSPICIOUS_MOVE = YES;
				CLANG_WARN_UNGUARDED_AVAILABILITY = YES_AGGRESSIVE;
				CLANG_WARN_UNREACHABLE_CODE = YES;
				CLANG_WARN__DUPLICATE_METHOD_MATCH = YES;
				COPY_PHASE_STRIP = NO;
				DEBUG_INFORMATION_FORMAT = "dwarf-with-dsym";
				ENABLE_NS_ASSERTIONS = NO;
				ENABLE_STRICT_OBJC_MSGSEND = YES;
				GCC_C_LANGUAGE_STANDARD = gnu11;
				GCC_NO_COMMON_BLOCKS = YES;
				GCC_WARN_64_TO_32_BIT_CONVERSION = YES;
				GCC_WARN_ABOUT_RETURN_TYPE = YES_ERROR;
				GCC_WARN_UNDECLARED_SELECTOR = YES;
				GCC_WARN_UNINITIALIZED_AUTOS = YES_AGGRESSIVE;
				GCC_WARN_UNUSED_FUNCTION = YES;
				GCC_WARN_UNUSED_VARIABLE = YES;
				IPHONEOS_DEPLOYMENT_TARGET = 13.7;
				MTL_ENABLE_DEBUG_INFO = NO;
				MTL_FAST_MATH = YES;
				SDKROOT = iphoneos;
				SWIFT_COMPILATION_MODE = wholemodule;
				SWIFT_OPTIMIZATION_LEVEL = "-O";
				VALIDATE_PRODUCT = YES;
			};
			name = Release;
		};
		7960B4892578150200BC9D79 /* Debug */ = {
			isa = XCBuildConfiguration;
			baseConfigurationReference = 366E43F07399D70DFDF4CC12 /* Pods-LoginApp_GB_UI.debug.xcconfig */;
			buildSettings = {
				ASSETCATALOG_COMPILER_APPICON_NAME = AppIcon;
				CODE_SIGN_STYLE = Automatic;
				DEVELOPMENT_TEAM = YPX74RZ95A;
				INFOPLIST_FILE = LoginApp_GB_UI/Info.plist;
				LD_RUNPATH_SEARCH_PATHS = (
					"$(inherited)",
					"@executable_path/Frameworks",
				);
				PRODUCT_BUNDLE_IDENTIFIER = "com.yuriyFedyunkin.LoginApp-GB-UI";
				PRODUCT_NAME = "$(TARGET_NAME)";
				SWIFT_VERSION = 5.0;
				TARGETED_DEVICE_FAMILY = "1,2";
			};
			name = Debug;
		};
		7960B48A2578150200BC9D79 /* Release */ = {
			isa = XCBuildConfiguration;
			baseConfigurationReference = 7710FCFF80B45E0409686422 /* Pods-LoginApp_GB_UI.release.xcconfig */;
			buildSettings = {
				ASSETCATALOG_COMPILER_APPICON_NAME = AppIcon;
				CODE_SIGN_STYLE = Automatic;
				DEVELOPMENT_TEAM = YPX74RZ95A;
				INFOPLIST_FILE = LoginApp_GB_UI/Info.plist;
				LD_RUNPATH_SEARCH_PATHS = (
					"$(inherited)",
					"@executable_path/Frameworks",
				);
				PRODUCT_BUNDLE_IDENTIFIER = "com.yuriyFedyunkin.LoginApp-GB-UI";
				PRODUCT_NAME = "$(TARGET_NAME)";
				SWIFT_VERSION = 5.0;
				TARGETED_DEVICE_FAMILY = "1,2";
			};
			name = Release;
		};
/* End XCBuildConfiguration section */

/* Begin XCConfigurationList section */
		7960B46F2578150100BC9D79 /* Build configuration list for PBXProject "LoginApp_GB_UI" */ = {
			isa = XCConfigurationList;
			buildConfigurations = (
				7960B4862578150200BC9D79 /* Debug */,
				7960B4872578150200BC9D79 /* Release */,
			);
			defaultConfigurationIsVisible = 0;
			defaultConfigurationName = Release;
		};
		7960B4882578150200BC9D79 /* Build configuration list for PBXNativeTarget "LoginApp_GB_UI" */ = {
			isa = XCConfigurationList;
			buildConfigurations = (
				7960B4892578150200BC9D79 /* Debug */,
				7960B48A2578150200BC9D79 /* Release */,
			);
			defaultConfigurationIsVisible = 0;
			defaultConfigurationName = Release;
		};
/* End XCConfigurationList section */
	};
	rootObject = 7960B46C2578150100BC9D79 /* Project object */;
}
